<?xml version="1.0" encoding="utf-8"?>
<Project ToolsVersion="4.0" xmlns="http://schemas.microsoft.com/developer/msbuild/2003">
  <ItemGroup>
    <Filter Include="Source Files">
      <UniqueIdentifier>{4FC737F1-C7A5-4376-A066-2A32D752A2FF}</UniqueIdentifier>
      <Extensions>cpp;c;cc;cxx;def;odl;idl;hpj;bat;asm;asmx</Extensions>
    </Filter>
    <Filter Include="Header Files">
      <UniqueIdentifier>{93995380-89BD-4b04-88EB-625FBE52EBFB}</UniqueIdentifier>
      <Extensions>h;hh;hpp;hxx;hm;inl;inc;xsd</Extensions>
    </Filter>
    <Filter Include="Header Files\View">
      <UniqueIdentifier>{87622a9a-81c9-4d27-9e22-2c847a90bb67}</UniqueIdentifier>
    </Filter>
    <Filter Include="Header Files\View\ExtraTypesH">
      <UniqueIdentifier>{5c57a06f-a202-452e-afef-22b70c844c48}</UniqueIdentifier>
    </Filter>
    <Filter Include="Header Files\View\WindowTypesH">
      <UniqueIdentifier>{8de47728-da19-44d2-ab2b-e828b03ed261}</UniqueIdentifier>
    </Filter>
    <Filter Include="Source Files\ViewCPP">
      <UniqueIdentifier>{aa6dc16d-d7c7-4595-88ec-1337e36bf0d6}</UniqueIdentifier>
    </Filter>
    <Filter Include="Source Files\ViewCPP\ExtraTypesCPP">
      <UniqueIdentifier>{99141825-0d33-4e4c-927f-ae1161a11909}</UniqueIdentifier>
    </Filter>
    <Filter Include="Source Files\ViewCPP\WindowTypesCPP">
      <UniqueIdentifier>{b0ca1357-9b94-46d5-8e74-21dd7363b175}</UniqueIdentifier>
    </Filter>
    <Filter Include="Header Files\View\WindowCommandsH">
      <UniqueIdentifier>{7c9ed17e-5d46-44f9-914b-a901b5749ed4}</UniqueIdentifier>
    </Filter>
    <Filter Include="Source Files\ViewCPP\WindowCommandsCPP">
      <UniqueIdentifier>{9143402c-81f9-48f4-9555-013555e55b2b}</UniqueIdentifier>
    </Filter>
    <Filter Include="Header Files\View\LayerClassesH">
      <UniqueIdentifier>{14d1c00e-3717-4dc1-95a9-d54ed37d1b78}</UniqueIdentifier>
    </Filter>
    <Filter Include="Source Files\ViewCPP\LayerClassesCPP">
      <UniqueIdentifier>{b9627fa7-dbb6-45d7-a733-15dd79aa576d}</UniqueIdentifier>
    </Filter>
    <Filter Include="Header Files\View\WindowManagersH">
      <UniqueIdentifier>{4b7052df-bd50-46ce-b79e-bc1673d8e53f}</UniqueIdentifier>
    </Filter>
    <Filter Include="Source Files\ViewCPP\WindowManagersCPP">
      <UniqueIdentifier>{a851f028-7312-4808-b218-76196c29e1c9}</UniqueIdentifier>
    </Filter>
    <Filter Include="Resource Files">
      <UniqueIdentifier>{67DA6AB6-F800-4c08-8B7A-83BB121AAD01}</UniqueIdentifier>
      <Extensions>rc;ico;cur;bmp;dlg;rc2;rct;bin;rgs;gif;jpg;jpeg;jpe;resx;tiff;tif;png;wav;mfcribbon-ms</Extensions>
    </Filter>
  </ItemGroup>
  <ItemGroup>
    <ClCompile Include="main.cpp">
      <Filter>Source Files</Filter>
    </ClCompile>
    <ClCompile Include="BasicWindow.cpp">
      <Filter>Source Files\ViewCPP\WindowTypesCPP</Filter>
    </ClCompile>
    <ClCompile Include="IDrawableAlgorithms.cpp">
      <Filter>Source Files\ViewCPP\ExtraTypesCPP</Filter>
    </ClCompile>
    <ClCompile Include="IWinCommand.cpp">
      <Filter>Source Files\ViewCPP\WindowCommandsCPP</Filter>
    </ClCompile>
    <ClCompile Include="ViewLayer.cpp">
      <Filter>Source Files\ViewCPP\LayerClassesCPP</Filter>
    </ClCompile>
    <ClCompile Include="WindowCreationFunctions.cpp">
      <Filter>Source Files\ViewCPP\LayerClassesCPP</Filter>
    </ClCompile>
    <ClCompile Include="DrawManager.cpp">
      <Filter>Source Files\ViewCPP\WindowManagersCPP</Filter>
    </ClCompile>
    <ClCompile Include="InputManager.cpp">
      <Filter>Source Files\ViewCPP\WindowManagersCPP</Filter>
    </ClCompile>
    <ClCompile Include="WindowCreatorManager.cpp">
      <Filter>Source Files\ViewCPP\WindowManagersCPP</Filter>
    </ClCompile>
    <ClCompile Include="CommandManager.cpp">
      <Filter>Source Files\ViewCPP\WindowManagersCPP</Filter>
    </ClCompile>
    <ClCompile Include="WindowsManager.cpp">
      <Filter>Source Files\ViewCPP\WindowManagersCPP</Filter>
    </ClCompile>
    <ClCompile Include="PluralWindow.cpp">
      <Filter>Source Files\ViewCPP\WindowTypesCPP</Filter>
    </ClCompile>
    <ClCompile Include="ConsoleMouse.cpp">
      <Filter>Source Files\ViewCPP\ExtraTypesCPP</Filter>
    </ClCompile>
  </ItemGroup>
  <ItemGroup>
    <ClInclude Include="BasicWindow.h">
      <Filter>Header Files\View\WindowTypesH</Filter>
    </ClInclude>
    <ClInclude Include="IObserver.h">
      <Filter>Header Files\View\ExtraTypesH</Filter>
    </ClInclude>
    <ClInclude Include="IDrawableAlgorithms.h">
      <Filter>Header Files\View\ExtraTypesH</Filter>
    </ClInclude>
    <ClInclude Include="Enums.h">
      <Filter>Header Files\View\ExtraTypesH</Filter>
    </ClInclude>
    <ClInclude Include="IWinCommand.h">
      <Filter>Header Files\View\WindowCommandsH</Filter>
    </ClInclude>
    <ClInclude Include="ViewLayer.h">
      <Filter>Header Files\View\LayerClassesH</Filter>
    </ClInclude>
    <ClInclude Include="WindowCreationFunctions.h">
      <Filter>Header Files\View\LayerClassesH</Filter>
    </ClInclude>
    <ClInclude Include="DrawManager.h">
      <Filter>Header Files\View\WindowManagersH</Filter>
    </ClInclude>
    <ClInclude Include="InputManager.h">
      <Filter>Header Files\View\WindowManagersH</Filter>
    </ClInclude>
    <ClInclude Include="WindowCreatorManager.h">
      <Filter>Header Files\View\WindowManagersH</Filter>
    </ClInclude>
    <ClInclude Include="CommandManager.h">
      <Filter>Header Files\View\WindowManagersH</Filter>
    </ClInclude>
    <ClInclude Include="WindowsManager.h">
      <Filter>Header Files\View\WindowManagersH</Filter>
    </ClInclude>
    <ClInclude Include="PluralWindow.h">
      <Filter>Header Files\View\WindowTypesH</Filter>
    </ClInclude>
    <ClInclude Include="ConsoleMouse.h">
      <Filter>Header Files\View\ExtraTypesH</Filter>
    </ClInclude>
  </ItemGroup>
</Project>